
Microsoft Visual Studio Solution File, Format Version 12.00
# Visual Studio Version 16
VisualStudioVersion = 16.0.29209.62
MinimumVisualStudioVersion = 10.0.40219.1
Project("{FAE04EC0-301F-11D3-BF4B-00C04F79EFBC}") = "EssaiFakes_Affaires", "EssaiFakes_Affaires\EssaiFakes_Affaires.csproj", "{D86525DB-29E3-46E8-BB1E-28F34BB567F0}"
EndProject
Global
	GlobalSection(SolutionConfigurationPlatforms) = preSolution
		Debug|Any CPU = Debug|Any CPU
		Release|Any CPU = Release|Any CPU
	EndGlobalSection
	GlobalSection(ProjectConfigurationPlatforms) = postSolution
		{D86525DB-29E3-46E8-BB1E-28F34BB567F0}.Debug|Any CPU.ActiveCfg = Debug|Any CPU
		{D86525DB-29E3-46E8-BB1E-28F34BB567F0}.Debug|Any CPU.Build.0 = Debug|Any CPU
		{D86525DB-29E3-46E8-BB1E-28F34BB567F0}.Release|Any CPU.ActiveCfg = Release|Any CPU
		{D86525DB-29E3-46E8-BB1E-28F34BB567F0}.Release|Any CPU.Build.0 = Release|Any CPU
	EndGlobalSection
	GlobalSection(SolutionProperties) = preSolution
		HideSolutionNode = FALSE
	EndGlobalSection
	GlobalSection(ExtensibilityGlobals) = postSolution
		SolutionGuid = {387F00F1-611B-416C-A8D9-43E5DB30C3D0}
	EndGlobalSection
EndGlobal
